
Microsoft Visual Studio Solution File, Format Version 12.00
# Visual Studio Version 17
VisualStudioVersion = 17.3.32929.385
MinimumVisualStudioVersion = 10.0.40219.1
Project("{FAE04EC0-301F-11D3-BF4B-00C04F79EFBC}") = "StrategyPattern", "StrategyPattern\StrategyPattern.csproj", "{19003C67-DC7B-4BF7-8151-E522C2DA236E}"
EndProject
Global
	GlobalSection(SolutionConfigurationPlatforms) = preSolution
		Debug|Any CPU = Debug|Any CPU
		Release|Any CPU = Release|Any CPU
	EndGlobalSection
	GlobalSection(ProjectConfigurationPlatforms) = postSolution
		{19003C67-DC7B-4BF7-8151-E522C2DA236E}.Debug|Any CPU.ActiveCfg = Debug|Any CPU
		{19003C67-DC7B-4BF7-8151-E522C2DA236E}.Debug|Any CPU.Build.0 = Debug|Any CPU
		{19003C67-DC7B-4BF7-8151-E522C2DA236E}.Release|Any CPU.ActiveCfg = Release|Any CPU
		{19003C67-DC7B-4BF7-8151-E522C2DA236E}.Release|Any CPU.Build.0 = Release|Any CPU
	EndGlobalSection
	GlobalSection(SolutionProperties) = preSolution
		HideSolutionNode = FALSE
	EndGlobalSection
	GlobalSection(ExtensibilityGlobals) = postSolution
		SolutionGuid = {B2327D22-D40D-44B4-8D13-5B31DA710378}
	EndGlobalSection
EndGlobal
